
Microsoft Visual Studio Solution File, Format Version 12.00
# Visual Studio Version 16
VisualStudioVersion = 16.0.33027.164
MinimumVisualStudioVersion = 10.0.40219.1
Project("{8BC9CEB8-8B4A-11D0-8D11-00A0C91BC942}") = "C_Programming_09", "C_Programming_09\C_Programming_09.vcxproj", "{45A22C10-FCA2-4553-8C25-B385F8FE7280}"
EndProject
Global
	GlobalSection(SolutionConfigurationPlatforms) = preSolution
		Debug|x64 = Debug|x64
		Debug|x86 = Debug|x86
		Release|x64 = Release|x64
		Release|x86 = Release|x86
	EndGlobalSection
	GlobalSection(ProjectConfigurationPlatforms) = postSolution
		{45A22C10-FCA2-4553-8C25-B385F8FE7280}.Debug|x64.ActiveCfg = Debug|x64
		{45A22C10-FCA2-4553-8C25-B385F8FE7280}.Debug|x64.Build.0 = Debug|x64
		{45A22C10-FCA2-4553-8C25-B385F8FE7280}.Debug|x86.ActiveCfg = Debug|Win32
		{45A22C10-FCA2-4553-8C25-B385F8FE7280}.Debug|x86.Build.0 = Debug|Win32
		{45A22C10-FCA2-4553-8C25-B385F8FE7280}.Release|x64.ActiveCfg = Release|x64
		{45A22C10-FCA2-4553-8C25-B385F8FE7280}.Release|x64.Build.0 = Release|x64
		{45A22C10-FCA2-4553-8C25-B385F8FE7280}.Release|x86.ActiveCfg = Release|Win32
		{45A22C10-FCA2-4553-8C25-B385F8FE7280}.Release|x86.Build.0 = Release|Win32
	EndGlobalSection
	GlobalSection(SolutionProperties) = preSolution
		HideSolutionNode = FALSE
	EndGlobalSection
	GlobalSection(ExtensibilityGlobals) = postSolution
		SolutionGuid = {222860AE-DC22-4A94-ADDC-B55D647B0BD6}
	EndGlobalSection
EndGlobal
